# This file is automatically @generated by Poetry 1.8.4 and should not be changed by hand.

[[package]]
name = "python-json-logger"
version = "2.0.7"
description = "A python library adding a json log formatter"
optional = false
python-versions = ">=3.6"
files = [
    {file = "python-json-logger-2.0.7.tar.gz", hash = "sha256:23e7ec02d34237c5aa1e29a070193a4ea87583bb4e7f8fd06d3de8264c4b2e1c"},
    {file = "python_json_logger-2.0.7-py3-none-any.whl", hash = "sha256:f380b826a991ebbe3de4d897aeec42760035ac760345e57b812938dc8b35e2bd"},
]

[metadata]
lock-version = "2.0"
python-versions = "^3.11"
content-hash = "47dfb607bed86147116cfbd51a7ee6e16e99acbe7f7883ca9c39f23819aa1ee9"
